
Microsoft Visual Studio Solution File, Format Version 12.00
# Visual Studio Version 17
VisualStudioVersion = 17.11.35312.102
MinimumVisualStudioVersion = 10.0.40219.1
Project("{FAE04EC0-301F-11D3-BF4B-00C04F79EFBC}") = "ClassLibrary1", "ClassLibrary1\ClassLibrary1.csproj", "{0D25806D-28B4-4419-BD7B-5ED9B02A6590}"
EndProject
Global
	GlobalSection(SolutionConfigurationPlatforms) = preSolution
		Debug|Any CPU = Debug|Any CPU
		Release|Any CPU = Release|Any CPU
	EndGlobalSection
	GlobalSection(ProjectConfigurationPlatforms) = postSolution
		{0D25806D-28B4-4419-BD7B-5ED9B02A6590}.Debug|Any CPU.ActiveCfg = Debug|Any CPU
		{0D25806D-28B4-4419-BD7B-5ED9B02A6590}.Debug|Any CPU.Build.0 = Debug|Any CPU
		{0D25806D-28B4-4419-BD7B-5ED9B02A6590}.Release|Any CPU.ActiveCfg = Release|Any CPU
		{0D25806D-28B4-4419-BD7B-5ED9B02A6590}.Release|Any CPU.Build.0 = Release|Any CPU
	EndGlobalSection
	GlobalSection(SolutionProperties) = preSolution
		HideSolutionNode = FALSE
	EndGlobalSection
	GlobalSection(ExtensibilityGlobals) = postSolution
		SolutionGuid = {504E0A34-4488-484A-8712-E290D0FCACE1}
	EndGlobalSection
EndGlobal
